
Microsoft Visual Studio Solution File, Format Version 12.00
# Visual Studio 15
VisualStudioVersion = 15.0.28307.421
MinimumVisualStudioVersion = 10.0.40219.1
Project("{FAE04EC0-301F-11D3-BF4B-00C04F79EFBC}") = "MagazineAppContext", "MagazineAppContext\MagazineAppContext.csproj", "{B4EE0C1C-9E85-43DC-96AB-5892665C722B}"
EndProject
Global
	GlobalSection(SolutionConfigurationPlatforms) = preSolution
		Debug|Any CPU = Debug|Any CPU
		Release|Any CPU = Release|Any CPU
	EndGlobalSection
	GlobalSection(ProjectConfigurationPlatforms) = postSolution
		{B4EE0C1C-9E85-43DC-96AB-5892665C722B}.Debug|Any CPU.ActiveCfg = Debug|Any CPU
		{B4EE0C1C-9E85-43DC-96AB-5892665C722B}.Debug|Any CPU.Build.0 = Debug|Any CPU
		{B4EE0C1C-9E85-43DC-96AB-5892665C722B}.Release|Any CPU.ActiveCfg = Release|Any CPU
		{B4EE0C1C-9E85-43DC-96AB-5892665C722B}.Release|Any CPU.Build.0 = Release|Any CPU
	EndGlobalSection
	GlobalSection(SolutionProperties) = preSolution
		HideSolutionNode = FALSE
	EndGlobalSection
	GlobalSection(ExtensibilityGlobals) = postSolution
		SolutionGuid = {B650CFE1-4E5C-4B6D-9CD3-3895D918308A}
	EndGlobalSection
EndGlobal
